
Microsoft Visual Studio Solution File, Format Version 12.00
# Visual Studio 15
VisualStudioVersion = 15.0.28307.168
MinimumVisualStudioVersion = 10.0.40219.1
Project("{FAE04EC0-301F-11D3-BF4B-00C04F79EFBC}") = "AnagramCheck", "AnagramChecker\AnagramCheck.csproj", "{134543D2-28D5-41D5-940C-C87DE3E03BD2}"
EndProject
Project("{FAE04EC0-301F-11D3-BF4B-00C04F79EFBC}") = "AnagramCheckTest", "AnagramCheckerTest\AnagramCheckTest.csproj", "{6625A4EF-1D78-4B8C-A670-E644BEA93185}"
EndProject
Global
	GlobalSection(SolutionConfigurationPlatforms) = preSolution
		Debug|Any CPU = Debug|Any CPU
		Release|Any CPU = Release|Any CPU
	EndGlobalSection
	GlobalSection(ProjectConfigurationPlatforms) = postSolution
		{134543D2-28D5-41D5-940C-C87DE3E03BD2}.Debug|Any CPU.ActiveCfg = Debug|Any CPU
		{134543D2-28D5-41D5-940C-C87DE3E03BD2}.Debug|Any CPU.Build.0 = Debug|Any CPU
		{134543D2-28D5-41D5-940C-C87DE3E03BD2}.Release|Any CPU.ActiveCfg = Release|Any CPU
		{134543D2-28D5-41D5-940C-C87DE3E03BD2}.Release|Any CPU.Build.0 = Release|Any CPU
		{6625A4EF-1D78-4B8C-A670-E644BEA93185}.Debug|Any CPU.ActiveCfg = Debug|Any CPU
		{6625A4EF-1D78-4B8C-A670-E644BEA93185}.Debug|Any CPU.Build.0 = Debug|Any CPU
		{6625A4EF-1D78-4B8C-A670-E644BEA93185}.Release|Any CPU.ActiveCfg = Release|Any CPU
		{6625A4EF-1D78-4B8C-A670-E644BEA93185}.Release|Any CPU.Build.0 = Release|Any CPU
	EndGlobalSection
	GlobalSection(SolutionProperties) = preSolution
		HideSolutionNode = FALSE
	EndGlobalSection
	GlobalSection(ExtensibilityGlobals) = postSolution
		SolutionGuid = {99F8B8F9-CF5B-40CF-AAC9-15632D1A3E06}
	EndGlobalSection
EndGlobal
